
Microsoft Visual Studio Solution File, Format Version 12.00
# Visual Studio Version 16
VisualStudioVersion = 16.0.30804.86
MinimumVisualStudioVersion = 10.0.40219.1
Project("{8BC9CEB8-8B4A-11D0-8D11-00A0C91BC942}") = "lab67", "lab67.vcxproj", "{75CA2CE7-F555-4212-9336-83A1E5CEE680}"
EndProject
Global
	GlobalSection(SolutionConfigurationPlatforms) = preSolution
		Debug|x64 = Debug|x64
		Debug|x86 = Debug|x86
		Release|x64 = Release|x64
		Release|x86 = Release|x86
	EndGlobalSection
	GlobalSection(ProjectConfigurationPlatforms) = postSolution
		{75CA2CE7-F555-4212-9336-83A1E5CEE680}.Debug|x64.ActiveCfg = Debug|x64
		{75CA2CE7-F555-4212-9336-83A1E5CEE680}.Debug|x64.Build.0 = Debug|x64
		{75CA2CE7-F555-4212-9336-83A1E5CEE680}.Debug|x86.ActiveCfg = Debug|Win32
		{75CA2CE7-F555-4212-9336-83A1E5CEE680}.Debug|x86.Build.0 = Debug|Win32
		{75CA2CE7-F555-4212-9336-83A1E5CEE680}.Release|x64.ActiveCfg = Release|x64
		{75CA2CE7-F555-4212-9336-83A1E5CEE680}.Release|x64.Build.0 = Release|x64
		{75CA2CE7-F555-4212-9336-83A1E5CEE680}.Release|x86.ActiveCfg = Release|Win32
		{75CA2CE7-F555-4212-9336-83A1E5CEE680}.Release|x86.Build.0 = Release|Win32
	EndGlobalSection
	GlobalSection(SolutionProperties) = preSolution
		HideSolutionNode = FALSE
	EndGlobalSection
	GlobalSection(ExtensibilityGlobals) = postSolution
		SolutionGuid = {D7E16BD4-5B49-4AF3-B203-A5EA3C2D814D}
	EndGlobalSection
EndGlobal
